
Microsoft Visual Studio Solution File, Format Version 12.00
# Visual Studio Version 17
VisualStudioVersion = 17.6.33723.286
MinimumVisualStudioVersion = 10.0.40219.1
Project("{9A19103F-16F7-4668-BE54-9A1E7A4F7556}") = "Examination.PL", "Examination.PL.csproj", "{65F95116-B806-4EEB-BC19-B2C25C660BF3}"
EndProject
Project("{FAE04EC0-301F-11D3-BF4B-00C04F79EFBC}") = "Examination.BL", "..\Examination.BL\Examination.BL.csproj", "{17DE3A1A-3420-45D4-BA1B-46A020A21451}"
EndProject
Project("{FAE04EC0-301F-11D3-BF4B-00C04F79EFBC}") = "Examination.DAL", "..\Examination.DAL\Examination.DAL.csproj", "{38A0B052-6001-4511-AE88-9A85BE046A06}"
EndProject
Global
	GlobalSection(SolutionConfigurationPlatforms) = preSolution
		Debug|Any CPU = Debug|Any CPU
		Release|Any CPU = Release|Any CPU
	EndGlobalSection
	GlobalSection(ProjectConfigurationPlatforms) = postSolution
		{65F95116-B806-4EEB-BC19-B2C25C660BF3}.Debug|Any CPU.ActiveCfg = Debug|Any CPU
		{65F95116-B806-4EEB-BC19-B2C25C660BF3}.Debug|Any CPU.Build.0 = Debug|Any CPU
		{65F95116-B806-4EEB-BC19-B2C25C660BF3}.Release|Any CPU.ActiveCfg = Release|Any CPU
		{65F95116-B806-4EEB-BC19-B2C25C660BF3}.Release|Any CPU.Build.0 = Release|Any CPU
		{17DE3A1A-3420-45D4-BA1B-46A020A21451}.Debug|Any CPU.ActiveCfg = Debug|Any CPU
		{17DE3A1A-3420-45D4-BA1B-46A020A21451}.Debug|Any CPU.Build.0 = Debug|Any CPU
		{17DE3A1A-3420-45D4-BA1B-46A020A21451}.Release|Any CPU.ActiveCfg = Release|Any CPU
		{17DE3A1A-3420-45D4-BA1B-46A020A21451}.Release|Any CPU.Build.0 = Release|Any CPU
		{38A0B052-6001-4511-AE88-9A85BE046A06}.Debug|Any CPU.ActiveCfg = Debug|Any CPU
		{38A0B052-6001-4511-AE88-9A85BE046A06}.Debug|Any CPU.Build.0 = Debug|Any CPU
		{38A0B052-6001-4511-AE88-9A85BE046A06}.Release|Any CPU.ActiveCfg = Release|Any CPU
		{38A0B052-6001-4511-AE88-9A85BE046A06}.Release|Any CPU.Build.0 = Release|Any CPU
	EndGlobalSection
	GlobalSection(SolutionProperties) = preSolution
		HideSolutionNode = FALSE
	EndGlobalSection
	GlobalSection(ExtensibilityGlobals) = postSolution
		SolutionGuid = {9547BFA2-5D83-4A30-BF80-4F7981A61F09}
	EndGlobalSection
EndGlobal
